
Microsoft Visual Studio Solution File, Format Version 12.00
# Visual Studio 15
VisualStudioVersion = 15.0.27428.2043
MinimumVisualStudioVersion = 10.0.40219.1
Project("{FAE04EC0-301F-11D3-BF4B-00C04F79EFBC}") = "NetCorePal.Scalpel.Core", "NetCorePal.Scalpel.Core\NetCorePal.Scalpel.Core.csproj", "{3597EECC-605A-4E93-9668-86AEF4C6EDB9}"
EndProject
Project("{FAE04EC0-301F-11D3-BF4B-00C04F79EFBC}") = "NetCorePal.Scalpel.Autofac", "NetCorePal.Scalpel.Autofac\NetCorePal.Scalpel.Autofac.csproj", "{04DA61B2-3936-4AED-BEB0-4D71BDB9F472}"
EndProject
Global
	GlobalSection(SolutionConfigurationPlatforms) = preSolution
		Debug|Any CPU = Debug|Any CPU
		Release|Any CPU = Release|Any CPU
	EndGlobalSection
	GlobalSection(ProjectConfigurationPlatforms) = postSolution
		{3597EECC-605A-4E93-9668-86AEF4C6EDB9}.Debug|Any CPU.ActiveCfg = Debug|Any CPU
		{3597EECC-605A-4E93-9668-86AEF4C6EDB9}.Debug|Any CPU.Build.0 = Debug|Any CPU
		{3597EECC-605A-4E93-9668-86AEF4C6EDB9}.Release|Any CPU.ActiveCfg = Release|Any CPU
		{3597EECC-605A-4E93-9668-86AEF4C6EDB9}.Release|Any CPU.Build.0 = Release|Any CPU
		{04DA61B2-3936-4AED-BEB0-4D71BDB9F472}.Debug|Any CPU.ActiveCfg = Debug|Any CPU
		{04DA61B2-3936-4AED-BEB0-4D71BDB9F472}.Debug|Any CPU.Build.0 = Debug|Any CPU
		{04DA61B2-3936-4AED-BEB0-4D71BDB9F472}.Release|Any CPU.ActiveCfg = Release|Any CPU
		{04DA61B2-3936-4AED-BEB0-4D71BDB9F472}.Release|Any CPU.Build.0 = Release|Any CPU
	EndGlobalSection
	GlobalSection(SolutionProperties) = preSolution
		HideSolutionNode = FALSE
	EndGlobalSection
	GlobalSection(ExtensibilityGlobals) = postSolution
		SolutionGuid = {7B2E9835-ACC2-4CAE-860A-4CD1764754CF}
	EndGlobalSection
EndGlobal
